// !$*UTF8*$!
{
	archiveVersion = 1;
	classes = {
	};
	objectVersion = 55;
	objects = {

/* Begin PBXBuildFile section */
		F49D24052890D572008EEBB2 /* AppDelegate.swift in Sources */ = {isa = PBXBuildFile; fileRef = F49D24042890D572008EEBB2 /* AppDelegate.swift */; };
		F49D24072890D572008EEBB2 /* SceneDelegate.swift in Sources */ = {isa = PBXBuildFile; fileRef = F49D24062890D572008EEBB2 /* SceneDelegate.swift */; };
		F49D24092890D572008EEBB2 /* ViewController.swift in Sources */ = {isa = PBXBuildFile; fileRef = F49D24082890D572008EEBB2 /* ViewController.swift */; };
		F49D240C2890D572008EEBB2 /* Main.storyboard in Resources */ = {isa = PBXBuildFile; fileRef = F49D240A2890D572008EEBB2 /* Main.storyboard */; };
		F49D240E2890D575008EEBB2 /* Assets.xcassets in Resources */ = {isa = PBXBuildFile; fileRef = F49D240D2890D575008EEBB2 /* Assets.xcassets */; };
		F49D24112890D575008EEBB2 /* LaunchScreen.storyboard in Resources */ = {isa = PBXBuildFile; fileRef = F49D240F2890D575008EEBB2 /* LaunchScreen.storyboard */; };
		F49D241C2890D576008EEBB2 /* ToDoItemTests.swift in Sources */ = {isa = PBXBuildFile; fileRef = F49D241B2890D576008EEBB2 /* ToDoItemTests.swift */; };
		F49D24262890D576008EEBB2 /* ToDoUITests.swift in Sources */ = {isa = PBXBuildFile; fileRef = F49D24252890D576008EEBB2 /* ToDoUITests.swift */; };
		F49D24282890D576008EEBB2 /* ToDoUITestsLaunchTests.swift in Sources */ = {isa = PBXBuildFile; fileRef = F49D24272890D576008EEBB2 /* ToDoUITestsLaunchTests.swift */; };
		F49D24352890DA18008EEBB2 /* ToDoItem.swift in Sources */ = {isa = PBXBuildFile; fileRef = F49D24342890DA18008EEBB2 /* ToDoItem.swift */; };
		F49D2437289104E3008EEBB2 /* Location.swift in Sources */ = {isa = PBXBuildFile; fileRef = F49D2436289104E3008EEBB2 /* Location.swift */; };
		F49D2439289106DF008EEBB2 /* LocationTests.swift in Sources */ = {isa = PBXBuildFile; fileRef = F49D2438289106DF008EEBB2 /* LocationTests.swift */; };
		F4AF197F2892198D0024C3D1 /* ToDoItemStoreTests.swift in Sources */ = {isa = PBXBuildFile; fileRef = F4AF197E2892198D0024C3D1 /* ToDoItemStoreTests.swift */; };
		F4AF1981289219D50024C3D1 /* ToDoItemStore.swift in Sources */ = {isa = PBXBuildFile; fileRef = F4AF1980289219D50024C3D1 /* ToDoItemStore.swift */; };
/* End PBXBuildFile section */

/* Begin PBXContainerItemProxy section */
		F49D24182890D576008EEBB2 /* PBXContainerItemProxy */ = {
			isa = PBXContainerItemProxy;
			containerPortal = F49D23F92890D572008EEBB2 /* Project object */;
			proxyType = 1;
			remoteGlobalIDString = F49D24002890D572008EEBB2;
			remoteInfo = ToDo;
		};
		F49D24222890D576008EEBB2 /* PBXContainerItemProxy */ = {
			isa = PBXContainerItemProxy;
			containerPortal = F49D23F92890D572008EEBB2 /* Project object */;
			proxyType = 1;
			remoteGlobalIDString = F49D24002890D572008EEBB2;
			remoteInfo = ToDo;
		};
/* End PBXContainerItemProxy section */

/* Begin PBXFileReference section */
		F49D24012890D572008EEBB2 /* ToDo.app */ = {isa = PBXFileReference; explicitFileType = wrapper.application; includeInIndex = 0; path = ToDo.app; sourceTree = BUILT_PRODUCTS_DIR; };
		F49D24042890D572008EEBB2 /* AppDelegate.swift */ = {isa = PBXFileReference; lastKnownFileType = sourcecode.swift; path = AppDelegate.swift; sourceTree = "<group>"; };
		F49D24062890D572008EEBB2 /* SceneDelegate.swift */ = {isa = PBXFileReference; lastKnownFileType = sourcecode.swift; path = SceneDelegate.swift; sourceTree = "<group>"; };
		F49D24082890D572008EEBB2 /* ViewController.swift */ = {isa = PBXFileReference; lastKnownFileType = sourcecode.swift; path = ViewController.swift; sourceTree = "<group>"; };
		F49D240B2890D572008EEBB2 /* Base */ = {isa = PBXFileReference; lastKnownFileType = file.storyboard; name = Base; path = Base.lproj/Main.storyboard; sourceTree = "<group>"; };
		F49D240D2890D575008EEBB2 /* Assets.xcassets */ = {isa = PBXFileReference; lastKnownFileType = folder.assetcatalog; path = Assets.xcassets; sourceTree = "<group>"; };
		F49D24102890D575008EEBB2 /* Base */ = {isa = PBXFileReference; lastKnownFileType = file.storyboard; name = Base; path = Base.lproj/LaunchScreen.storyboard; sourceTree = "<group>"; };
		F49D24122890D575008EEBB2 /* Info.plist */ = {isa = PBXFileReference; lastKnownFileType = text.plist.xml; path = Info.plist; sourceTree = "<group>"; };
		F49D24172890D576008EEBB2 /* ToDoTests.xctest */ = {isa = PBXFileReference; explicitFileType = wrapper.cfbundle; includeInIndex = 0; path = ToDoTests.xctest; sourceTree = BUILT_PRODUCTS_DIR; };
		F49D241B2890D576008EEBB2 /* ToDoItemTests.swift */ = {isa = PBXFileReference; lastKnownFileType = sourcecode.swift; path = ToDoItemTests.swift; sourceTree = "<group>"; };
		F49D24212890D576008EEBB2 /* ToDoUITests.xctest */ = {isa = PBXFileReference; explicitFileType = wrapper.cfbundle; includeInIndex = 0; path = ToDoUITests.xctest; sourceTree = BUILT_PRODUCTS_DIR; };
		F49D24252890D576008EEBB2 /* ToDoUITests.swift */ = {isa = PBXFileReference; lastKnownFileType = sourcecode.swift; path = ToDoUITests.swift; sourceTree = "<group>"; };
		F49D24272890D576008EEBB2 /* ToDoUITestsLaunchTests.swift */ = {isa = PBXFileReference; lastKnownFileType = sourcecode.swift; path = ToDoUITestsLaunchTests.swift; sourceTree = "<group>"; };
		F49D24342890DA18008EEBB2 /* ToDoItem.swift */ = {isa = PBXFileReference; lastKnownFileType = sourcecode.swift; path = ToDoItem.swift; sourceTree = "<group>"; };
		F49D2436289104E3008EEBB2 /* Location.swift */ = {isa = PBXFileReference; lastKnownFileType = sourcecode.swift; path = Location.swift; sourceTree = "<group>"; };
		F49D2438289106DF008EEBB2 /* LocationTests.swift */ = {isa = PBXFileReference; lastKnownFileType = sourcecode.swift; path = LocationTests.swift; sourceTree = "<group>"; };
		F4AF197E2892198D0024C3D1 /* ToDoItemStoreTests.swift */ = {isa = PBXFileReference; lastKnownFileType = sourcecode.swift; path = ToDoItemStoreTests.swift; sourceTree = "<group>"; };
		F4AF1980289219D50024C3D1 /* ToDoItemStore.swift */ = {isa = PBXFileReference; lastKnownFileType = sourcecode.swift; path = ToDoItemStore.swift; sourceTree = "<group>"; };
/* End PBXFileReference section */

/* Begin PBXFrameworksBuildPhase section */
		F49D23FE2890D572008EEBB2 /* Frameworks */ = {
			isa = PBXFrameworksBuildPhase;
			buildActionMask = 2147483647;
			files = (
			);
			runOnlyForDeploymentPostprocessing = 0;
		};
		F49D24142890D576008EEBB2 /* Frameworks */ = {
			isa = PBXFrameworksBuildPhase;
			buildActionMask = 2147483647;
			files = (
			);
			runOnlyForDeploymentPostprocessing = 0;
		};
		F49D241E2890D576008EEBB2 /* Frameworks */ = {
			isa = PBXFrameworksBuildPhase;
			buildActionMask = 2147483647;
			files = (
			);
			runOnlyForDeploymentPostprocessing = 0;
		};
/* End PBXFrameworksBuildPhase section */

/* Begin PBXGroup section */
		F49D23F82890D572008EEBB2 = {
			isa = PBXGroup;
			children = (
				F49D24032890D572008EEBB2 /* ToDo */,
				F49D241A2890D576008EEBB2 /* ToDoTests */,
				F49D24242890D576008EEBB2 /* ToDoUITests */,
				F49D24022890D572008EEBB2 /* Products */,
			);
			sourceTree = "<group>";
		};
		F49D24022890D572008EEBB2 /* Products */ = {
			isa = PBXGroup;
			children = (
				F49D24012890D572008EEBB2 /* ToDo.app */,
				F49D24172890D576008EEBB2 /* ToDoTests.xctest */,
				F49D24212890D576008EEBB2 /* ToDoUITests.xctest */,
			);
			name = Products;
			sourceTree = "<group>";
		};
		F49D24032890D572008EEBB2 /* ToDo */ = {
			isa = PBXGroup;
			children = (
				F49D24042890D572008EEBB2 /* AppDelegate.swift */,
				F49D24062890D572008EEBB2 /* SceneDelegate.swift */,
				F49D24082890D572008EEBB2 /* ViewController.swift */,
				F49D24342890DA18008EEBB2 /* ToDoItem.swift */,
				F49D2436289104E3008EEBB2 /* Location.swift */,
				F49D240A2890D572008EEBB2 /* Main.storyboard */,
				F49D240D2890D575008EEBB2 /* Assets.xcassets */,
				F49D240F2890D575008EEBB2 /* LaunchScreen.storyboard */,
				F49D24122890D575008EEBB2 /* Info.plist */,
				F4AF1980289219D50024C3D1 /* ToDoItemStore.swift */,
			);
			path = ToDo;
			sourceTree = "<group>";
		};
		F49D241A2890D576008EEBB2 /* ToDoTests */ = {
			isa = PBXGroup;
			children = (
				F49D241B2890D576008EEBB2 /* ToDoItemTests.swift */,
				F49D2438289106DF008EEBB2 /* LocationTests.swift */,
				F4AF197E2892198D0024C3D1 /* ToDoItemStoreTests.swift */,
			);
			path = ToDoTests;
			sourceTree = "<group>";
		};
		F49D24242890D576008EEBB2 /* ToDoUITests */ = {
			isa = PBXGroup;
			children = (
				F49D24252890D576008EEBB2 /* ToDoUITests.swift */,
				F49D24272890D576008EEBB2 /* ToDoUITestsLaunchTests.swift */,
			);
			path = ToDoUITests;
			sourceTree = "<group>";
		};
/* End PBXGroup section */

/* Begin PBXNativeTarget section */
		F49D24002890D572008EEBB2 /* ToDo */ = {
			isa = PBXNativeTarget;
			buildConfigurationList = F49D242B2890D576008EEBB2 /* Build configuration list for PBXNativeTarget "ToDo" */;
			buildPhases = (
				F49D23FD2890D572008EEBB2 /* Sources */,
				F49D23FE2890D572008EEBB2 /* Frameworks */,
				F49D23FF2890D572008EEBB2 /* Resources */,
			);
			buildRules = (
			);
			dependencies = (
			);
			name = ToDo;
			productName = ToDo;
			productReference = F49D24012890D572008EEBB2 /* ToDo.app */;
			productType = "com.apple.product-type.application";
		};
		F49D24162890D576008EEBB2 /* ToDoTests */ = {
			isa = PBXNativeTarget;
			buildConfigurationList = F49D242E2890D576008EEBB2 /* Build configuration list for PBXNativeTarget "ToDoTests" */;
			buildPhases = (
				F49D24132890D576008EEBB2 /* Sources */,
				F49D24142890D576008EEBB2 /* Frameworks */,
				F49D24152890D576008EEBB2 /* Resources */,
			);
			buildRules = (
			);
			dependencies = (
				F49D24192890D576008EEBB2 /* PBXTargetDependency */,
			);
			name = ToDoTests;
			productName = ToDoTests;
			productReference = F49D24172890D576008EEBB2 /* ToDoTests.xctest */;
			productType = "com.apple.product-type.bundle.unit-test";
		};
		F49D24202890D576008EEBB2 /* ToDoUITests */ = {
			isa = PBXNativeTarget;
			buildConfigurationList = F49D24312890D576008EEBB2 /* Build configuration list for PBXNativeTarget "ToDoUITests" */;
			buildPhases = (
				F49D241D2890D576008EEBB2 /* Sources */,
				F49D241E2890D576008EEBB2 /* Frameworks */,
				F49D241F2890D576008EEBB2 /* Resources */,
			);
			buildRules = (
			);
			dependencies = (
				F49D24232890D576008EEBB2 /* PBXTargetDependency */,
			);
			name = ToDoUITests;
			productName = ToDoUITests;
			productReference = F49D24212890D576008EEBB2 /* ToDoUITests.xctest */;
			productType = "com.apple.product-type.bundle.ui-testing";
		};
/* End PBXNativeTarget section */

/* Begin PBXProject section */
		F49D23F92890D572008EEBB2 /* Project object */ = {
			isa = PBXProject;
			attributes = {
				BuildIndependentTargetsInParallel = 1;
				LastSwiftUpdateCheck = 1340;
				LastUpgradeCheck = 1340;
				TargetAttributes = {
					F49D24002890D572008EEBB2 = {
						CreatedOnToolsVersion = 13.4;
					};
					F49D24162890D576008EEBB2 = {
						CreatedOnToolsVersion = 13.4;
						TestTargetID = F49D24002890D572008EEBB2;
					};
					F49D24202890D576008EEBB2 = {
						CreatedOnToolsVersion = 13.4;
						TestTargetID = F49D24002890D572008EEBB2;
					};
				};
			};
			buildConfigurationList = F49D23FC2890D572008EEBB2 /* Build configuration list for PBXProject "ToDo" */;
			compatibilityVersion = "Xcode 13.0";
			developmentRegion = en;
			hasScannedForEncodings = 0;
			knownRegions = (
				en,
				Base,
			);
			mainGroup = F49D23F82890D572008EEBB2;
			productRefGroup = F49D24022890D572008EEBB2 /* Products */;
			projectDirPath = "";
			projectRoot = "";
			targets = (
				F49D24002890D572008EEBB2 /* ToDo */,
				F49D24162890D576008EEBB2 /* ToDoTests */,
				F49D24202890D576008EEBB2 /* ToDoUITests */,
			);
		};
/* End PBXProject section */

/* Begin PBXResourcesBuildPhase section */
		F49D23FF2890D572008EEBB2 /* Resources */ = {
			isa = PBXResourcesBuildPhase;
			buildActionMask = 2147483647;
			files = (
				F49D24112890D575008EEBB2 /* LaunchScreen.storyboard in Resources */,
				F49D240E2890D575008EEBB2 /* Assets.xcassets in Resources */,
				F49D240C2890D572008EEBB2 /* Main.storyboard in Resources */,
			);
			runOnlyForDeploymentPostprocessing = 0;
		};
		F49D24152890D576008EEBB2 /* Resources */ = {
			isa = PBXResourcesBuildPhase;
			buildActionMask = 2147483647;
			files = (
			);
			runOnlyForDeploymentPostprocessing = 0;
		};
		F49D241F2890D576008EEBB2 /* Resources */ = {
			isa = PBXResourcesBuildPhase;
			buildActionMask = 2147483647;
			files = (
			);
			runOnlyForDeploymentPostprocessing = 0;
		};
/* End PBXResourcesBuildPhase section */

/* Begin PBXSourcesBuildPhase section */
		F49D23FD2890D572008EEBB2 /* Sources */ = {
			isa = PBXSourcesBuildPhase;
			buildActionMask = 2147483647;
			files = (
				F49D24092890D572008EEBB2 /* ViewController.swift in Sources */,
				F49D24052890D572008EEBB2 /* AppDelegate.swift in Sources */,
				F49D2437289104E3008EEBB2 /* Location.swift in Sources */,
				F49D24352890DA18008EEBB2 /* ToDoItem.swift in Sources */,
				F4AF1981289219D50024C3D1 /* ToDoItemStore.swift in Sources */,
				F49D24072890D572008EEBB2 /* SceneDelegate.swift in Sources */,
			);
			runOnlyForDeploymentPostprocessing = 0;
		};
		F49D24132890D576008EEBB2 /* Sources */ = {
			isa = PBXSourcesBuildPhase;
			buildActionMask = 2147483647;
			files = (
				F4AF197F2892198D0024C3D1 /* ToDoItemStoreTests.swift in Sources */,
				F49D2439289106DF008EEBB2 /* LocationTests.swift in Sources */,
				F49D241C2890D576008EEBB2 /* ToDoItemTests.swift in Sources */,
			);
			runOnlyForDeploymentPostprocessing = 0;
		};
		F49D241D2890D576008EEBB2 /* Sources */ = {
			isa = PBXSourcesBuildPhase;
			buildActionMask = 2147483647;
			files = (
				F49D24282890D576008EEBB2 /* ToDoUITestsLaunchTests.swift in Sources */,
				F49D24262890D576008EEBB2 /* ToDoUITests.swift in Sources */,
			);
			runOnlyForDeploymentPostprocessing = 0;
		};
/* End PBXSourcesBuildPhase section */

/* Begin PBXTargetDependency section */
		F49D24192890D576008EEBB2 /* PBXTargetDependency */ = {
			isa = PBXTargetDependency;
			target = F49D24002890D572008EEBB2 /* ToDo */;
			targetProxy = F49D24182890D576008EEBB2 /* PBXContainerItemProxy */;
		};
		F49D24232890D576008EEBB2 /* PBXTargetDependency */ = {
			isa = PBXTargetDependency;
			target = F49D24002890D572008EEBB2 /* ToDo */;
			targetProxy = F49D24222890D576008EEBB2 /* PBXContainerItemProxy */;
		};
/* End PBXTargetDependency section */

/* Begin PBXVariantGroup section */
		F49D240A2890D572008EEBB2 /* Main.storyboard */ = {
			isa = PBXVariantGroup;
			children = (
				F49D240B2890D572008EEBB2 /* Base */,
			);
			name = Main.storyboard;
			sourceTree = "<group>";
		};
		F49D240F2890D575008EEBB2 /* LaunchScreen.storyboard */ = {
			isa = PBXVariantGroup;
			children = (
				F49D24102890D575008EEBB2 /* Base */,
			);
			name = LaunchScreen.storyboard;
			sourceTree = "<group>";
		};
/* End PBXVariantGroup section */

/* Begin XCBuildConfiguration section */
		F49D24292890D576008EEBB2 /* Debug */ = {
			isa = XCBuildConfiguration;
			buildSettings = {
				ALWAYS_SEARCH_USER_PATHS = NO;
				CLANG_ANALYZER_NONNULL = YES;
				CLANG_ANALYZER_NUMBER_OBJECT_CONVERSION = YES_AGGRESSIVE;
				CLANG_CXX_LANGUAGE_STANDARD = "gnu++17";
				CLANG_ENABLE_MODULES = YES;
				CLANG_ENABLE_OBJC_ARC = YES;
				CLANG_ENABLE_OBJC_WEAK = YES;
				CLANG_WARN_BLOCK_CAPTURE_AUTORELEASING = YES;
				CLANG_WARN_BOOL_CONVERSION = YES;
				CLANG_WARN_COMMA = YES;
				CLANG_WARN_CONSTANT_CONVERSION = YES;
				CLANG_WARN_DEPRECATED_OBJC_IMPLEMENTATIONS = YES;
				CLANG_WARN_DIRECT_OBJC_ISA_USAGE = YES_ERROR;
				CLANG_WARN_DOCUMENTATION_COMMENTS = YES;
				CLANG_WARN_EMPTY_BODY = YES;
				CLANG_WARN_ENUM_CONVERSION = YES;
				CLANG_WARN_INFINITE_RECURSION = YES;
				CLANG_WARN_INT_CONVERSION = YES;
				CLANG_WARN_NON_LITERAL_NULL_CONVERSION = YES;
				CLANG_WARN_OBJC_IMPLICIT_RETAIN_SELF = YES;
				CLANG_WARN_OBJC_LITERAL_CONVERSION = YES;
				CLANG_WARN_OBJC_ROOT_CLASS = YES_ERROR;
				CLANG_WARN_QUOTED_INCLUDE_IN_FRAMEWORK_HEADER = YES;
				CLANG_WARN_RANGE_LOOP_ANALYSIS = YES;
				CLANG_WARN_STRICT_PROTOTYPES = YES;
				CLANG_WARN_SUSPICIOUS_MOVE = YES;
				CLANG_WARN_UNGUARDED_AVAILABILITY = YES_AGGRESSIVE;
				CLANG_WARN_UNREACHABLE_CODE = YES;
				CLANG_WARN__DUPLICATE_METHOD_MATCH = YES;
				COPY_PHASE_STRIP = NO;
				DEBUG_INFORMATION_FORMAT = dwarf;
				ENABLE_STRICT_OBJC_MSGSEND = YES;
				ENABLE_TESTABILITY = YES;
				GCC_C_LANGUAGE_STANDARD = gnu11;
				GCC_DYNAMIC_NO_PIC = NO;
				GCC_NO_COMMON_BLOCKS = YES;
				GCC_OPTIMIZATION_LEVEL = 0;
				GCC_PREPROCESSOR_DEFINITIONS = (
					"DEBUG=1",
					"$(inherited)",
				);
				GCC_WARN_64_TO_32_BIT_CONVERSION = YES;
				GCC_WARN_ABOUT_RETURN_TYPE = YES_ERROR;
				GCC_WARN_UNDECLARED_SELECTOR = YES;
				GCC_WARN_UNINITIALIZED_AUTOS = YES_AGGRESSIVE;
				GCC_WARN_UNUSED_FUNCTION = YES;
				GCC_WARN_UNUSED_VARIABLE = YES;
				IPHONEOS_DEPLOYMENT_TARGET = 15.5;
				MTL_ENABLE_DEBUG_INFO = INCLUDE_SOURCE;
				MTL_FAST_MATH = YES;
				ONLY_ACTIVE_ARCH = YES;
				SDKROOT = iphoneos;
				SWIFT_ACTIVE_COMPILATION_CONDITIONS = DEBUG;
				SWIFT_OPTIMIZATION_LEVEL = "-Onone";
			};
			name = Debug;
		};
		F49D242A2890D576008EEBB2 /* Release */ = {
			isa = XCBuildConfiguration;
			buildSettings = {
				ALWAYS_SEARCH_USER_PATHS = NO;
				CLANG_ANALYZER_NONNULL = YES;
				CLANG_ANALYZER_NUMBER_OBJECT_CONVERSION = YES_AGGRESSIVE;
				CLANG_CXX_LANGUAGE_STANDARD = "gnu++17";
				CLANG_ENABLE_MODULES = YES;
				CLANG_ENABLE_OBJC_ARC = YES;
				CLANG_ENABLE_OBJC_WEAK = YES;
				CLANG_WARN_BLOCK_CAPTURE_AUTORELEASING = YES;
				CLANG_WARN_BOOL_CONVERSION = YES;
				CLANG_WARN_COMMA = YES;
				CLANG_WARN_CONSTANT_CONVERSION = YES;
				CLANG_WARN_DEPRECATED_OBJC_IMPLEMENTATIONS = YES;
				CLANG_WARN_DIRECT_OBJC_ISA_USAGE = YES_ERROR;
				CLANG_WARN_DOCUMENTATION_COMMENTS = YES;
				CLANG_WARN_EMPTY_BODY = YES;
				CLANG_WARN_ENUM_CONVERSION = YES;
				CLANG_WARN_INFINITE_RECURSION = YES;
				CLANG_WARN_INT_CONVERSION = YES;
				CLANG_WARN_NON_LITERAL_NULL_CONVERSION = YES;
				CLANG_WARN_OBJC_IMPLICIT_RETAIN_SELF = YES;
				CLANG_WARN_OBJC_LITERAL_CONVERSION = YES;
				CLANG_WARN_OBJC_ROOT_CLASS = YES_ERROR;
				CLANG_WARN_QUOTED_INCLUDE_IN_FRAMEWORK_HEADER = YES;
				CLANG_WARN_RANGE_LOOP_ANALYSIS = YES;
				CLANG_WARN_STRICT_PROTOTYPES = YES;
				CLANG_WARN_SUSPICIOUS_MOVE = YES;
				CLANG_WARN_UNGUARDED_AVAILABILITY = YES_AGGRESSIVE;
				CLANG_WARN_UNREACHABLE_CODE = YES;
				CLANG_WARN__DUPLICATE_METHOD_MATCH = YES;
				COPY_PHASE_STRIP = NO;
				DEBUG_INFORMATION_FORMAT = "dwarf-with-dsym";
				ENABLE_NS_ASSERTIONS = NO;
				ENABLE_STRICT_OBJC_MSGSEND = YES;
				GCC_C_LANGUAGE_STANDARD = gnu11;
				GCC_NO_COMMON_BLOCKS = YES;
				GCC_WARN_64_TO_32_BIT_CONVERSION = YES;
				GCC_WARN_ABOUT_RETURN_TYPE = YES_ERROR;
				GCC_WARN_UNDECLARED_SELECTOR = YES;
				GCC_WARN_UNINITIALIZED_AUTOS = YES_AGGRESSIVE;
				GCC_WARN_UNUSED_FUNCTION = YES;
				GCC_WARN_UNUSED_VARIABLE = YES;
				IPHONEOS_DEPLOYMENT_TARGET = 15.5;
				MTL_ENABLE_DEBUG_INFO = NO;
				MTL_FAST_MATH = YES;
				SDKROOT = iphoneos;
				SWIFT_COMPILATION_MODE = wholemodule;
				SWIFT_OPTIMIZATION_LEVEL = "-O";
				VALIDATE_PRODUCT = YES;
			};
			name = Release;
		};
		F49D242C2890D576008EEBB2 /* Debug */ = {
			isa = XCBuildConfiguration;
			buildSettings = {
				ASSETCATALOG_COMPILER_APPICON_NAME = AppIcon;
				ASSETCATALOG_COMPILER_GLOBAL_ACCENT_COLOR_NAME = AccentColor;
				CODE_SIGN_STYLE = Automatic;
				CURRENT_PROJECT_VERSION = 1;
				DEVELOPMENT_TEAM = 4SKJAJR837;
				GENERATE_INFOPLIST_FILE = YES;
				INFOPLIST_FILE = ToDo/Info.plist;
				INFOPLIST_KEY_UIApplicationSupportsIndirectInputEvents = YES;
				INFOPLIST_KEY_UILaunchStoryboardName = LaunchScreen;
				INFOPLIST_KEY_UIMainStoryboardFile = Main;
				INFOPLIST_KEY_UISupportedInterfaceOrientations_iPad = "UIInterfaceOrientationPortrait UIInterfaceOrientationPortraitUpsideDown UIInterfaceOrientationLandscapeLeft UIInterfaceOrientationLandscapeRight";
				INFOPLIST_KEY_UISupportedInterfaceOrientations_iPhone = "UIInterfaceOrientationPortrait UIInterfaceOrientationLandscapeLeft UIInterfaceOrientationLandscapeRight";
				LD_RUNPATH_SEARCH_PATHS = (
					"$(inherited)",
					"@executable_path/Frameworks",
				);
				MARKETING_VERSION = 1.0;
				PRODUCT_BUNDLE_IDENTIFIER = com.poddlybonk.ToDo;
				PRODUCT_NAME = "$(TARGET_NAME)";
				SWIFT_EMIT_LOC_STRINGS = YES;
				SWIFT_VERSION = 5.0;
				TARGETED_DEVICE_FAMILY = "1,2";
			};
			name = Debug;
		};
		F49D242D2890D576008EEBB2 /* Release */ = {
			isa = XCBuildConfiguration;
			buildSettings = {
				ASSETCATALOG_COMPILER_APPICON_NAME = AppIcon;
				ASSETCATALOG_COMPILER_GLOBAL_ACCENT_COLOR_NAME = AccentColor;
				CODE_SIGN_STYLE = Automatic;
				CURRENT_PROJECT_VERSION = 1;
				DEVELOPMENT_TEAM = 4SKJAJR837;
				GENERATE_INFOPLIST_FILE = YES;
				INFOPLIST_FILE = ToDo/Info.plist;
				INFOPLIST_KEY_UIApplicationSupportsIndirectInputEvents = YES;
				INFOPLIST_KEY_UILaunchStoryboardName = LaunchScreen;
				INFOPLIST_KEY_UIMainStoryboardFile = Main;
				INFOPLIST_KEY_UISupportedInterfaceOrientations_iPad = "UIInterfaceOrientationPortrait UIInterfaceOrientationPortraitUpsideDown UIInterfaceOrientationLandscapeLeft UIInterfaceOrientationLandscapeRight";
				INFOPLIST_KEY_UISupportedInterfaceOrientations_iPhone = "UIInterfaceOrientationPortrait UIInterfaceOrientationLandscapeLeft UIInterfaceOrientationLandscapeRight";
				LD_RUNPATH_SEARCH_PATHS = (
					"$(inherited)",
					"@executable_path/Frameworks",
				);
				MARKETING_VERSION = 1.0;
				PRODUCT_BUNDLE_IDENTIFIER = com.poddlybonk.ToDo;
				PRODUCT_NAME = "$(TARGET_NAME)";
				SWIFT_EMIT_LOC_STRINGS = YES;
				SWIFT_VERSION = 5.0;
				TARGETED_DEVICE_FAMILY = "1,2";
			};
			name = Release;
		};
		F49D242F2890D576008EEBB2 /* Debug */ = {
			isa = XCBuildConfiguration;
			buildSettings = {
				ALWAYS_EMBED_SWIFT_STANDARD_LIBRARIES = YES;
				BUNDLE_LOADER = "$(TEST_HOST)";
				CODE_SIGN_STYLE = Automatic;
				CURRENT_PROJECT_VERSION = 1;
				DEVELOPMENT_TEAM = 4SKJAJR837;
				GENERATE_INFOPLIST_FILE = YES;
				IPHONEOS_DEPLOYMENT_TARGET = 15.5;
				MARKETING_VERSION = 1.0;
				PRODUCT_BUNDLE_IDENTIFIER = com.poddlybonk.ToDoTests;
				PRODUCT_NAME = "$(TARGET_NAME)";
				SWIFT_EMIT_LOC_STRINGS = NO;
				SWIFT_VERSION = 5.0;
				TARGETED_DEVICE_FAMILY = "1,2";
				TEST_HOST = "$(BUILT_PRODUCTS_DIR)/ToDo.app/ToDo";
			};
			name = Debug;
		};
		F49D24302890D576008EEBB2 /* Release */ = {
			isa = XCBuildConfiguration;
			buildSettings = {
				ALWAYS_EMBED_SWIFT_STANDARD_LIBRARIES = YES;
				BUNDLE_LOADER = "$(TEST_HOST)";
				CODE_SIGN_STYLE = Automatic;
				CURRENT_PROJECT_VERSION = 1;
				DEVELOPMENT_TEAM = 4SKJAJR837;
				GENERATE_INFOPLIST_FILE = YES;
				IPHONEOS_DEPLOYMENT_TARGET = 15.5;
				MARKETING_VERSION = 1.0;
				PRODUCT_BUNDLE_IDENTIFIER = com.poddlybonk.ToDoTests;
				PRODUCT_NAME = "$(TARGET_NAME)";
				SWIFT_EMIT_LOC_STRINGS = NO;
				SWIFT_VERSION = 5.0;
				TARGETED_DEVICE_FAMILY = "1,2";
				TEST_HOST = "$(BUILT_PRODUCTS_DIR)/ToDo.app/ToDo";
			};
			name = Release;
		};
		F49D24322890D576008EEBB2 /* Debug */ = {
			isa = XCBuildConfiguration;
			buildSettings = {
				ALWAYS_EMBED_SWIFT_STANDARD_LIBRARIES = YES;
				CODE_SIGN_STYLE = Automatic;
				CURRENT_PROJECT_VERSION = 1;
				DEVELOPMENT_TEAM = 4SKJAJR837;
				GENERATE_INFOPLIST_FILE = YES;
				MARKETING_VERSION = 1.0;
				PRODUCT_BUNDLE_IDENTIFIER = com.poddlybonk.ToDoUITests;
				PRODUCT_NAME = "$(TARGET_NAME)";
				SWIFT_EMIT_LOC_STRINGS = NO;
				SWIFT_VERSION = 5.0;
				TARGETED_DEVICE_FAMILY = "1,2";
				TEST_TARGET_NAME = ToDo;
			};
			name = Debug;
		};
		F49D24332890D576008EEBB2 /* Release */ = {
			isa = XCBuildConfiguration;
			buildSettings = {
				ALWAYS_EMBED_SWIFT_STANDARD_LIBRARIES = YES;
				CODE_SIGN_STYLE = Automatic;
				CURRENT_PROJECT_VERSION = 1;
				DEVELOPMENT_TEAM = 4SKJAJR837;
				GENERATE_INFOPLIST_FILE = YES;
				MARKETING_VERSION = 1.0;
				PRODUCT_BUNDLE_IDENTIFIER = com.poddlybonk.ToDoUITests;
				PRODUCT_NAME = "$(TARGET_NAME)";
				SWIFT_EMIT_LOC_STRINGS = NO;
				SWIFT_VERSION = 5.0;
				TARGETED_DEVICE_FAMILY = "1,2";
				TEST_TARGET_NAME = ToDo;
			};
			name = Release;
		};
/* End XCBuildConfiguration section */

/* Begin XCConfigurationList section */
		F49D23FC2890D572008EEBB2 /* Build configuration list for PBXProject "ToDo" */ = {
			isa = XCConfigurationList;
			buildConfigurations = (
				F49D24292890D576008EEBB2 /* Debug */,
				F49D242A2890D576008EEBB2 /* Release */,
			);
			defaultConfigurationIsVisible = 0;
			defaultConfigurationName = Release;
		};
		F49D242B2890D576008EEBB2 /* Build configuration list for PBXNativeTarget "ToDo" */ = {
			isa = XCConfigurationList;
			buildConfigurations = (
				F49D242C2890D576008EEBB2 /* Debug */,
				F49D242D2890D576008EEBB2 /* Release */,
			);
			defaultConfigurationIsVisible = 0;
			defaultConfigurationName = Release;
		};
		F49D242E2890D576008EEBB2 /* Build configuration list for PBXNativeTarget "ToDoTests" */ = {
			isa = XCConfigurationList;
			buildConfigurations = (
				F49D242F2890D576008EEBB2 /* Debug */,
				F49D24302890D576008EEBB2 /* Release */,
			);
			defaultConfigurationIsVisible = 0;
			defaultConfigurationName = Release;
		};
		F49D24312890D576008EEBB2 /* Build configuration list for PBXNativeTarget "ToDoUITests" */ = {
			isa = XCConfigurationList;
			buildConfigurations = (
				F49D24322890D576008EEBB2 /* Debug */,
				F49D24332890D576008EEBB2 /* Release */,
			);
			defaultConfigurationIsVisible = 0;
			defaultConfigurationName = Release;
		};
/* End XCConfigurationList section */
	};
	rootObject = F49D23F92890D572008EEBB2 /* Project object */;
}
